// !$*UTF8*$!
{
	archiveVersion = 1;
	classes = {
	};
	objectVersion = 56;
	objects = {

/* Begin PBXBuildFile section */
		6E4BD11C2AA7103300E6E49C /* AppDelegate.swift in Sources */ = {isa = PBXBuildFile; fileRef = 6E4BD11B2AA7103300E6E49C /* AppDelegate.swift */; };
		6E4BD11E2AA7103300E6E49C /* SceneDelegate.swift in Sources */ = {isa = PBXBuildFile; fileRef = 6E4BD11D2AA7103300E6E49C /* SceneDelegate.swift */; };
		6E4BD1202AA7103300E6E49C /* ViewController.swift in Sources */ = {isa = PBXBuildFile; fileRef = 6E4BD11F2AA7103300E6E49C /* ViewController.swift */; };
		6E4BD1252AA7103400E6E49C /* Assets.xcassets in Resources */ = {isa = PBXBuildFile; fileRef = 6E4BD1242AA7103400E6E49C /* Assets.xcassets */; };
		6E4BD1282AA7103400E6E49C /* LaunchScreen.storyboard in Resources */ = {isa = PBXBuildFile; fileRef = 6E4BD1262AA7103400E6E49C /* LaunchScreen.storyboard */; };
		6E4BD1312AA7112600E6E49C /* BookWarmAPIManager.swift in Sources */ = {isa = PBXBuildFile; fileRef = 6E4BD1302AA7112600E6E49C /* BookWarmAPIManager.swift */; };
		6E4BD1332AA7114000E6E49C /* BookWarm.swift in Sources */ = {isa = PBXBuildFile; fileRef = 6E4BD1322AA7114000E6E49C /* BookWarm.swift */; };
		6E4BD1362AA7117E00E6E49C /* Realm in Frameworks */ = {isa = PBXBuildFile; productRef = 6E4BD1352AA7117E00E6E49C /* Realm */; };
		6E4BD1382AA7117E00E6E49C /* RealmSwift in Frameworks */ = {isa = PBXBuildFile; productRef = 6E4BD1372AA7117E00E6E49C /* RealmSwift */; };
		6E4BD13B2AA7118800E6E49C /* SnapKit in Frameworks */ = {isa = PBXBuildFile; productRef = 6E4BD13A2AA7118800E6E49C /* SnapKit */; };
		6E4BD1442AA711F900E6E49C /* Alamofire in Frameworks */ = {isa = PBXBuildFile; productRef = 6E4BD1432AA711F900E6E49C /* Alamofire */; };
		6E4BD1472AA7120300E6E49C /* SwiftyJSON in Frameworks */ = {isa = PBXBuildFile; productRef = 6E4BD1462AA7120300E6E49C /* SwiftyJSON */; };
		6E4BD1492AA7151200E6E49C /* .gitignore in Resources */ = {isa = PBXBuildFile; fileRef = 6E4BD1482AA7151200E6E49C /* .gitignore */; };
		6E4BD14B2AA7152000E6E49C /* APIKey.swift in Sources */ = {isa = PBXBuildFile; fileRef = 6E4BD14A2AA7152000E6E49C /* APIKey.swift */; };
		6E4BD14E2AA7199C00E6E49C /* BookWarmTableView.swift in Sources */ = {isa = PBXBuildFile; fileRef = 6E4BD14D2AA7199C00E6E49C /* BookWarmTableView.swift */; };
		6E4BD1502AA71BAA00E6E49C /* BookWarmTableViewCell.swift in Sources */ = {isa = PBXBuildFile; fileRef = 6E4BD14F2AA71BAA00E6E49C /* BookWarmTableViewCell.swift */; };
		6E4BD1522AA7245D00E6E49C /* TableViewJeneric+Extention.swift in Sources */ = {isa = PBXBuildFile; fileRef = 6E4BD1512AA7245D00E6E49C /* TableViewJeneric+Extention.swift */; };
		6E4BD1552AA765EB00E6E49C /* BookWarmRealm.swift in Sources */ = {isa = PBXBuildFile; fileRef = 6E4BD1542AA765EB00E6E49C /* BookWarmRealm.swift */; };
/* End PBXBuildFile section */

/* Begin PBXFileReference section */
		6E4BD1182AA7103300E6E49C /* RealmProject.app */ = {isa = PBXFileReference; explicitFileType = wrapper.application; includeInIndex = 0; path = RealmProject.app; sourceTree = BUILT_PRODUCTS_DIR; };
		6E4BD11B2AA7103300E6E49C /* AppDelegate.swift */ = {isa = PBXFileReference; lastKnownFileType = sourcecode.swift; path = AppDelegate.swift; sourceTree = "<group>"; };
		6E4BD11D2AA7103300E6E49C /* SceneDelegate.swift */ = {isa = PBXFileReference; lastKnownFileType = sourcecode.swift; path = SceneDelegate.swift; sourceTree = "<group>"; };
		6E4BD11F2AA7103300E6E49C /* ViewController.swift */ = {isa = PBXFileReference; lastKnownFileType = sourcecode.swift; path = ViewController.swift; sourceTree = "<group>"; };
		6E4BD1242AA7103400E6E49C /* Assets.xcassets */ = {isa = PBXFileReference; lastKnownFileType = folder.assetcatalog; path = Assets.xcassets; sourceTree = "<group>"; };
		6E4BD1272AA7103400E6E49C /* Base */ = {isa = PBXFileReference; lastKnownFileType = file.storyboard; name = Base; path = Base.lproj/LaunchScreen.storyboard; sourceTree = "<group>"; };
		6E4BD1292AA7103400E6E49C /* Info.plist */ = {isa = PBXFileReference; lastKnownFileType = text.plist.xml; path = Info.plist; sourceTree = "<group>"; };
		6E4BD1302AA7112600E6E49C /* BookWarmAPIManager.swift */ = {isa = PBXFileReference; lastKnownFileType = sourcecode.swift; path = BookWarmAPIManager.swift; sourceTree = "<group>"; };
		6E4BD1322AA7114000E6E49C /* BookWarm.swift */ = {isa = PBXFileReference; lastKnownFileType = sourcecode.swift; path = BookWarm.swift; sourceTree = "<group>"; };
		6E4BD1482AA7151200E6E49C /* .gitignore */ = {isa = PBXFileReference; lastKnownFileType = text; path = .gitignore; sourceTree = "<group>"; };
		6E4BD14A2AA7152000E6E49C /* APIKey.swift */ = {isa = PBXFileReference; lastKnownFileType = sourcecode.swift; path = APIKey.swift; sourceTree = "<group>"; };
		6E4BD14D2AA7199C00E6E49C /* BookWarmTableView.swift */ = {isa = PBXFileReference; lastKnownFileType = sourcecode.swift; path = BookWarmTableView.swift; sourceTree = "<group>"; };
		6E4BD14F2AA71BAA00E6E49C /* BookWarmTableViewCell.swift */ = {isa = PBXFileReference; lastKnownFileType = sourcecode.swift; path = BookWarmTableViewCell.swift; sourceTree = "<group>"; };
		6E4BD1512AA7245D00E6E49C /* TableViewJeneric+Extention.swift */ = {isa = PBXFileReference; lastKnownFileType = sourcecode.swift; path = "TableViewJeneric+Extention.swift"; sourceTree = "<group>"; };
		6E4BD1542AA765EB00E6E49C /* BookWarmRealm.swift */ = {isa = PBXFileReference; lastKnownFileType = sourcecode.swift; path = BookWarmRealm.swift; sourceTree = "<group>"; };
/* End PBXFileReference section */

/* Begin PBXFrameworksBuildPhase section */
		6E4BD1152AA7103300E6E49C /* Frameworks */ = {
			isa = PBXFrameworksBuildPhase;
			buildActionMask = 2147483647;
			files = (
				6E4BD13B2AA7118800E6E49C /* SnapKit in Frameworks */,
				6E4BD1442AA711F900E6E49C /* Alamofire in Frameworks */,
				6E4BD1382AA7117E00E6E49C /* RealmSwift in Frameworks */,
				6E4BD1472AA7120300E6E49C /* SwiftyJSON in Frameworks */,
				6E4BD1362AA7117E00E6E49C /* Realm in Frameworks */,
			);
			runOnlyForDeploymentPostprocessing = 0;
		};
/* End PBXFrameworksBuildPhase section */

/* Begin PBXGroup section */
		6E4BD10F2AA7103200E6E49C = {
			isa = PBXGroup;
			children = (
				6E4BD11A2AA7103300E6E49C /* RealmProject */,
				6E4BD1192AA7103300E6E49C /* Products */,
			);
			sourceTree = "<group>";
		};
		6E4BD1192AA7103300E6E49C /* Products */ = {
			isa = PBXGroup;
			children = (
				6E4BD1182AA7103300E6E49C /* RealmProject.app */,
			);
			name = Products;
			sourceTree = "<group>";
		};
		6E4BD11A2AA7103300E6E49C /* RealmProject */ = {
			isa = PBXGroup;
			children = (
				6E4BD1532AA765D000E6E49C /* Realm */,
				6E4BD14C2AA7196E00E6E49C /* BookWarmTableView */,
				6E4BD12F2AA710FF00E6E49C /* BookWarmAPI */,
				6E4BD11B2AA7103300E6E49C /* AppDelegate.swift */,
				6E4BD11D2AA7103300E6E49C /* SceneDelegate.swift */,
				6E4BD11F2AA7103300E6E49C /* ViewController.swift */,
				6E4BD1242AA7103400E6E49C /* Assets.xcassets */,
				6E4BD1262AA7103400E6E49C /* LaunchScreen.storyboard */,
				6E4BD1292AA7103400E6E49C /* Info.plist */,
				6E4BD1482AA7151200E6E49C /* .gitignore */,
				6E4BD14A2AA7152000E6E49C /* APIKey.swift */,
			);
			path = RealmProject;
			sourceTree = "<group>";
		};
		6E4BD12F2AA710FF00E6E49C /* BookWarmAPI */ = {
			isa = PBXGroup;
			children = (
				6E4BD1302AA7112600E6E49C /* BookWarmAPIManager.swift */,
				6E4BD1322AA7114000E6E49C /* BookWarm.swift */,
			);
			path = BookWarmAPI;
			sourceTree = "<group>";
		};
		6E4BD14C2AA7196E00E6E49C /* BookWarmTableView */ = {
			isa = PBXGroup;
			children = (
				6E4BD14D2AA7199C00E6E49C /* BookWarmTableView.swift */,
				6E4BD14F2AA71BAA00E6E49C /* BookWarmTableViewCell.swift */,
				6E4BD1512AA7245D00E6E49C /* TableViewJeneric+Extention.swift */,
			);
			path = BookWarmTableView;
			sourceTree = "<group>";
		};
		6E4BD1532AA765D000E6E49C /* Realm */ = {
			isa = PBXGroup;
			children = (
				6E4BD1542AA765EB00E6E49C /* BookWarmRealm.swift */,
			);
			path = Realm;
			sourceTree = "<group>";
		};
/* End PBXGroup section */

/* Begin PBXNativeTarget section */
		6E4BD1172AA7103300E6E49C /* RealmProject */ = {
			isa = PBXNativeTarget;
			buildConfigurationList = 6E4BD12C2AA7103400E6E49C /* Build configuration list for PBXNativeTarget "RealmProject" */;
			buildPhases = (
				6E4BD1142AA7103300E6E49C /* Sources */,
				6E4BD1152AA7103300E6E49C /* Frameworks */,
				6E4BD1162AA7103300E6E49C /* Resources */,
			);
			buildRules = (
			);
			dependencies = (
			);
			name = RealmProject;
			packageProductDependencies = (
				6E4BD1352AA7117E00E6E49C /* Realm */,
				6E4BD1372AA7117E00E6E49C /* RealmSwift */,
				6E4BD13A2AA7118800E6E49C /* SnapKit */,
				6E4BD1432AA711F900E6E49C /* Alamofire */,
				6E4BD1462AA7120300E6E49C /* SwiftyJSON */,
			);
			productName = RealmProject;
			productReference = 6E4BD1182AA7103300E6E49C /* RealmProject.app */;
			productType = "com.apple.product-type.application";
		};
/* End PBXNativeTarget section */

/* Begin PBXProject section */
		6E4BD1102AA7103200E6E49C /* Project object */ = {
			isa = PBXProject;
			attributes = {
				BuildIndependentTargetsInParallel = 1;
				LastSwiftUpdateCheck = 1430;
				LastUpgradeCheck = 1430;
				TargetAttributes = {
					6E4BD1172AA7103300E6E49C = {
						CreatedOnToolsVersion = 14.3.1;
					};
				};
			};
			buildConfigurationList = 6E4BD1132AA7103200E6E49C /* Build configuration list for PBXProject "RealmProject" */;
			compatibilityVersion = "Xcode 14.0";
			developmentRegion = en;
			hasScannedForEncodings = 0;
			knownRegions = (
				en,
				Base,
			);
			mainGroup = 6E4BD10F2AA7103200E6E49C;
			packageReferences = (
				6E4BD1342AA7117E00E6E49C /* XCRemoteSwiftPackageReference "realm-swift" */,
				6E4BD1392AA7118800E6E49C /* XCRemoteSwiftPackageReference "SnapKit" */,
				6E4BD1422AA711F900E6E49C /* XCRemoteSwiftPackageReference "Alamofire" */,
				6E4BD1452AA7120300E6E49C /* XCRemoteSwiftPackageReference "SwiftyJSON" */,
			);
			productRefGroup = 6E4BD1192AA7103300E6E49C /* Products */;
			projectDirPath = "";
			projectRoot = "";
			targets = (
				6E4BD1172AA7103300E6E49C /* RealmProject */,
			);
		};
/* End PBXProject section */

/* Begin PBXResourcesBuildPhase section */
		6E4BD1162AA7103300E6E49C /* Resources */ = {
			isa = PBXResourcesBuildPhase;
			buildActionMask = 2147483647;
			files = (
				6E4BD1282AA7103400E6E49C /* LaunchScreen.storyboard in Resources */,
				6E4BD1492AA7151200E6E49C /* .gitignore in Resources */,
				6E4BD1252AA7103400E6E49C /* Assets.xcassets in Resources */,
			);
			runOnlyForDeploymentPostprocessing = 0;
		};
/* End PBXResourcesBuildPhase section */

/* Begin PBXSourcesBuildPhase section */
		6E4BD1142AA7103300E6E49C /* Sources */ = {
			isa = PBXSourcesBuildPhase;
			buildActionMask = 2147483647;
			files = (
				6E4BD14E2AA7199C00E6E49C /* BookWarmTableView.swift in Sources */,
				6E4BD1332AA7114000E6E49C /* BookWarm.swift in Sources */,
				6E4BD1202AA7103300E6E49C /* ViewController.swift in Sources */,
				6E4BD1502AA71BAA00E6E49C /* BookWarmTableViewCell.swift in Sources */,
				6E4BD11C2AA7103300E6E49C /* AppDelegate.swift in Sources */,
				6E4BD1312AA7112600E6E49C /* BookWarmAPIManager.swift in Sources */,
				6E4BD14B2AA7152000E6E49C /* APIKey.swift in Sources */,
				6E4BD1552AA765EB00E6E49C /* BookWarmRealm.swift in Sources */,
				6E4BD11E2AA7103300E6E49C /* SceneDelegate.swift in Sources */,
				6E4BD1522AA7245D00E6E49C /* TableViewJeneric+Extention.swift in Sources */,
			);
			runOnlyForDeploymentPostprocessing = 0;
		};
/* End PBXSourcesBuildPhase section */

/* Begin PBXVariantGroup section */
		6E4BD1262AA7103400E6E49C /* LaunchScreen.storyboard */ = {
			isa = PBXVariantGroup;
			children = (
				6E4BD1272AA7103400E6E49C /* Base */,
			);
			name = LaunchScreen.storyboard;
			sourceTree = "<group>";
		};
/* End PBXVariantGroup section */

/* Begin XCBuildConfiguration section */
		6E4BD12A2AA7103400E6E49C /* Debug */ = {
			isa = XCBuildConfiguration;
			buildSettings = {
				ALWAYS_SEARCH_USER_PATHS = NO;
				CLANG_ANALYZER_NONNULL = YES;
				CLANG_ANALYZER_NUMBER_OBJECT_CONVERSION = YES_AGGRESSIVE;
				CLANG_CXX_LANGUAGE_STANDARD = "gnu++20";
				CLANG_ENABLE_MODULES = YES;
				CLANG_ENABLE_OBJC_ARC = YES;
				CLANG_ENABLE_OBJC_WEAK = YES;
				CLANG_WARN_BLOCK_CAPTURE_AUTORELEASING = YES;
				CLANG_WARN_BOOL_CONVERSION = YES;
				CLANG_WARN_COMMA = YES;
				CLANG_WARN_CONSTANT_CONVERSION = YES;
				CLANG_WARN_DEPRECATED_OBJC_IMPLEMENTATIONS = YES;
				CLANG_WARN_DIRECT_OBJC_ISA_USAGE = YES_ERROR;
				CLANG_WARN_DOCUMENTATION_COMMENTS = YES;
				CLANG_WARN_EMPTY_BODY = YES;
				CLANG_WARN_ENUM_CONVERSION = YES;
				CLANG_WARN_INFINITE_RECURSION = YES;
				CLANG_WARN_INT_CONVERSION = YES;
				CLANG_WARN_NON_LITERAL_NULL_CONVERSION = YES;
				CLANG_WARN_OBJC_IMPLICIT_RETAIN_SELF = YES;
				CLANG_WARN_OBJC_LITERAL_CONVERSION = YES;
				CLANG_WARN_OBJC_ROOT_CLASS = YES_ERROR;
				CLANG_WARN_QUOTED_INCLUDE_IN_FRAMEWORK_HEADER = YES;
				CLANG_WARN_RANGE_LOOP_ANALYSIS = YES;
				CLANG_WARN_STRICT_PROTOTYPES = YES;
				CLANG_WARN_SUSPICIOUS_MOVE = YES;
				CLANG_WARN_UNGUARDED_AVAILABILITY = YES_AGGRESSIVE;
				CLANG_WARN_UNREACHABLE_CODE = YES;
				CLANG_WARN__DUPLICATE_METHOD_MATCH = YES;
				COPY_PHASE_STRIP = NO;
				DEBUG_INFORMATION_FORMAT = dwarf;
				ENABLE_STRICT_OBJC_MSGSEND = YES;
				ENABLE_TESTABILITY = YES;
				GCC_C_LANGUAGE_STANDARD = gnu11;
				GCC_DYNAMIC_NO_PIC = NO;
				GCC_NO_COMMON_BLOCKS = YES;
				GCC_OPTIMIZATION_LEVEL = 0;
				GCC_PREPROCESSOR_DEFINITIONS = (
					"DEBUG=1",
					"$(inherited)",
				);
				GCC_WARN_64_TO_32_BIT_CONVERSION = YES;
				GCC_WARN_ABOUT_RETURN_TYPE = YES_ERROR;
				GCC_WARN_UNDECLARED_SELECTOR = YES;
				GCC_WARN_UNINITIALIZED_AUTOS = YES_AGGRESSIVE;
				GCC_WARN_UNUSED_FUNCTION = YES;
				GCC_WARN_UNUSED_VARIABLE = YES;
				IPHONEOS_DEPLOYMENT_TARGET = 16.4;
				MTL_ENABLE_DEBUG_INFO = INCLUDE_SOURCE;
				MTL_FAST_MATH = YES;
				ONLY_ACTIVE_ARCH = YES;
				SDKROOT = iphoneos;
				SWIFT_ACTIVE_COMPILATION_CONDITIONS = DEBUG;
				SWIFT_OPTIMIZATION_LEVEL = "-Onone";
			};
			name = Debug;
		};
		6E4BD12B2AA7103400E6E49C /* Release */ = {
			isa = XCBuildConfiguration;
			buildSettings = {
				ALWAYS_SEARCH_USER_PATHS = NO;
				CLANG_ANALYZER_NONNULL = YES;
				CLANG_ANALYZER_NUMBER_OBJECT_CONVERSION = YES_AGGRESSIVE;
				CLANG_CXX_LANGUAGE_STANDARD = "gnu++20";
				CLANG_ENABLE_MODULES = YES;
				CLANG_ENABLE_OBJC_ARC = YES;
				CLANG_ENABLE_OBJC_WEAK = YES;
				CLANG_WARN_BLOCK_CAPTURE_AUTORELEASING = YES;
				CLANG_WARN_BOOL_CONVERSION = YES;
				CLANG_WARN_COMMA = YES;
				CLANG_WARN_CONSTANT_CONVERSION = YES;
				CLANG_WARN_DEPRECATED_OBJC_IMPLEMENTATIONS = YES;
				CLANG_WARN_DIRECT_OBJC_ISA_USAGE = YES_ERROR;
				CLANG_WARN_DOCUMENTATION_COMMENTS = YES;
				CLANG_WARN_EMPTY_BODY = YES;
				CLANG_WARN_ENUM_CONVERSION = YES;
				CLANG_WARN_INFINITE_RECURSION = YES;
				CLANG_WARN_INT_CONVERSION = YES;
				CLANG_WARN_NON_LITERAL_NULL_CONVERSION = YES;
				CLANG_WARN_OBJC_IMPLICIT_RETAIN_SELF = YES;
				CLANG_WARN_OBJC_LITERAL_CONVERSION = YES;
				CLANG_WARN_OBJC_ROOT_CLASS = YES_ERROR;
				CLANG_WARN_QUOTED_INCLUDE_IN_FRAMEWORK_HEADER = YES;
				CLANG_WARN_RANGE_LOOP_ANALYSIS = YES;
				CLANG_WARN_STRICT_PROTOTYPES = YES;
				CLANG_WARN_SUSPICIOUS_MOVE = YES;
				CLANG_WARN_UNGUARDED_AVAILABILITY = YES_AGGRESSIVE;
				CLANG_WARN_UNREACHABLE_CODE = YES;
				CLANG_WARN__DUPLICATE_METHOD_MATCH = YES;
				COPY_PHASE_STRIP = NO;
				DEBUG_INFORMATION_FORMAT = "dwarf-with-dsym";
				ENABLE_NS_ASSERTIONS = NO;
				ENABLE_STRICT_OBJC_MSGSEND = YES;
				GCC_C_LANGUAGE_STANDARD = gnu11;
				GCC_NO_COMMON_BLOCKS = YES;
				GCC_WARN_64_TO_32_BIT_CONVERSION = YES;
				GCC_WARN_ABOUT_RETURN_TYPE = YES_ERROR;
				GCC_WARN_UNDECLARED_SELECTOR = YES;
				GCC_WARN_UNINITIALIZED_AUTOS = YES_AGGRESSIVE;
				GCC_WARN_UNUSED_FUNCTION = YES;
				GCC_WARN_UNUSED_VARIABLE = YES;
				IPHONEOS_DEPLOYMENT_TARGET = 16.4;
				MTL_ENABLE_DEBUG_INFO = NO;
				MTL_FAST_MATH = YES;
				SDKROOT = iphoneos;
				SWIFT_COMPILATION_MODE = wholemodule;
				SWIFT_OPTIMIZATION_LEVEL = "-O";
				VALIDATE_PRODUCT = YES;
			};
			name = Release;
		};
		6E4BD12D2AA7103400E6E49C /* Debug */ = {
			isa = XCBuildConfiguration;
			buildSettings = {
				ASSETCATALOG_COMPILER_APPICON_NAME = AppIcon;
				ASSETCATALOG_COMPILER_GLOBAL_ACCENT_COLOR_NAME = AccentColor;
				CODE_SIGN_STYLE = Automatic;
				CURRENT_PROJECT_VERSION = 1;
				DEVELOPMENT_TEAM = B24G869DB7;
				GENERATE_INFOPLIST_FILE = YES;
				INFOPLIST_FILE = RealmProject/Info.plist;
				INFOPLIST_KEY_UIApplicationSupportsIndirectInputEvents = YES;
				INFOPLIST_KEY_UILaunchStoryboardName = LaunchScreen;
				INFOPLIST_KEY_UISupportedInterfaceOrientations_iPad = "UIInterfaceOrientationPortrait UIInterfaceOrientationPortraitUpsideDown UIInterfaceOrientationLandscapeLeft UIInterfaceOrientationLandscapeRight";
				INFOPLIST_KEY_UISupportedInterfaceOrientations_iPhone = "UIInterfaceOrientationPortrait UIInterfaceOrientationLandscapeLeft UIInterfaceOrientationLandscapeRight";
				IPHONEOS_DEPLOYMENT_TARGET = 16.0;
				LD_RUNPATH_SEARCH_PATHS = (
					"$(inherited)",
					"@executable_path/Frameworks",
				);
				MARKETING_VERSION = 1.0;
				PRODUCT_BUNDLE_IDENTIFIER = com.sesac.RealmProject;
				PRODUCT_NAME = "$(TARGET_NAME)";
				SUPPORTED_PLATFORMS = "iphoneos iphonesimulator";
				SUPPORTS_MACCATALYST = NO;
				SUPPORTS_MAC_DESIGNED_FOR_IPHONE_IPAD = NO;
				SWIFT_EMIT_LOC_STRINGS = YES;
				SWIFT_VERSION = 5.0;
				TARGETED_DEVICE_FAMILY = 1;
			};
			name = Debug;
		};
		6E4BD12E2AA7103400E6E49C /* Release */ = {
			isa = XCBuildConfiguration;
			buildSettings = {
				ASSETCATALOG_COMPILER_APPICON_NAME = AppIcon;
				ASSETCATALOG_COMPILER_GLOBAL_ACCENT_COLOR_NAME = AccentColor;
				CODE_SIGN_STYLE = Automatic;
				CURRENT_PROJECT_VERSION = 1;
				DEVELOPMENT_TEAM = B24G869DB7;
				GENERATE_INFOPLIST_FILE = YES;
				INFOPLIST_FILE = RealmProject/Info.plist;
				INFOPLIST_KEY_UIApplicationSupportsIndirectInputEvents = YES;
				INFOPLIST_KEY_UILaunchStoryboardName = LaunchScreen;
				INFOPLIST_KEY_UISupportedInterfaceOrientations_iPad = "UIInterfaceOrientationPortrait UIInterfaceOrientationPortraitUpsideDown UIInterfaceOrientationLandscapeLeft UIInterfaceOrientationLandscapeRight";
				INFOPLIST_KEY_UISupportedInterfaceOrientations_iPhone = "UIInterfaceOrientationPortrait UIInterfaceOrientationLandscapeLeft UIInterfaceOrientationLandscapeRight";
				IPHONEOS_DEPLOYMENT_TARGET = 16.0;
				LD_RUNPATH_SEARCH_PATHS = (
					"$(inherited)",
					"@executable_path/Frameworks",
				);
				MARKETING_VERSION = 1.0;
				PRODUCT_BUNDLE_IDENTIFIER = com.sesac.RealmProject;
				PRODUCT_NAME = "$(TARGET_NAME)";
				SUPPORTED_PLATFORMS = "iphoneos iphonesimulator";
				SUPPORTS_MACCATALYST = NO;
				SUPPORTS_MAC_DESIGNED_FOR_IPHONE_IPAD = NO;
				SWIFT_EMIT_LOC_STRINGS = YES;
				SWIFT_VERSION = 5.0;
				TARGETED_DEVICE_FAMILY = 1;
			};
			name = Release;
		};
/* End XCBuildConfiguration section */

/* Begin XCConfigurationList section */
		6E4BD1132AA7103200E6E49C /* Build configuration list for PBXProject "RealmProject" */ = {
			isa = XCConfigurationList;
			buildConfigurations = (
				6E4BD12A2AA7103400E6E49C /* Debug */,
				6E4BD12B2AA7103400E6E49C /* Release */,
			);
			defaultConfigurationIsVisible = 0;
			defaultConfigurationName = Release;
		};
		6E4BD12C2AA7103400E6E49C /* Build configuration list for PBXNativeTarget "RealmProject" */ = {
			isa = XCConfigurationList;
			buildConfigurations = (
				6E4BD12D2AA7103400E6E49C /* Debug */,
				6E4BD12E2AA7103400E6E49C /* Release */,
			);
			defaultConfigurationIsVisible = 0;
			defaultConfigurationName = Release;
		};
/* End XCConfigurationList section */

/* Begin XCRemoteSwiftPackageReference section */
		6E4BD1342AA7117E00E6E49C /* XCRemoteSwiftPackageReference "realm-swift" */ = {
			isa = XCRemoteSwiftPackageReference;
			repositoryURL = "https://github.com/realm/realm-swift.git";
			requirement = {
				kind = exactVersion;
				version = 10.42.1;
			};
		};
		6E4BD1392AA7118800E6E49C /* XCRemoteSwiftPackageReference "SnapKit" */ = {
			isa = XCRemoteSwiftPackageReference;
			repositoryURL = "https://github.com/SnapKit/SnapKit.git";
			requirement = {
				kind = upToNextMajorVersion;
				minimumVersion = 5.0.0;
			};
		};
		6E4BD1422AA711F900E6E49C /* XCRemoteSwiftPackageReference "Alamofire" */ = {
			isa = XCRemoteSwiftPackageReference;
			repositoryURL = "https://github.com/Alamofire/Alamofire.git";
			requirement = {
				kind = upToNextMajorVersion;
				minimumVersion = 5.0.0;
			};
		};
		6E4BD1452AA7120300E6E49C /* XCRemoteSwiftPackageReference "SwiftyJSON" */ = {
			isa = XCRemoteSwiftPackageReference;
			repositoryURL = "https://github.com/SwiftyJSON/SwiftyJSON.git";
			requirement = {
				kind = upToNextMajorVersion;
				minimumVersion = 5.0.0;
			};
		};
/* End XCRemoteSwiftPackageReference section */

/* Begin XCSwiftPackageProductDependency section */
		6E4BD1352AA7117E00E6E49C /* Realm */ = {
			isa = XCSwiftPackageProductDependency;
			package = 6E4BD1342AA7117E00E6E49C /* XCRemoteSwiftPackageReference "realm-swift" */;
			productName = Realm;
		};
		6E4BD1372AA7117E00E6E49C /* RealmSwift */ = {
			isa = XCSwiftPackageProductDependency;
			package = 6E4BD1342AA7117E00E6E49C /* XCRemoteSwiftPackageReference "realm-swift" */;
			productName = RealmSwift;
		};
		6E4BD13A2AA7118800E6E49C /* SnapKit */ = {
			isa = XCSwiftPackageProductDependency;
			package = 6E4BD1392AA7118800E6E49C /* XCRemoteSwiftPackageReference "SnapKit" */;
			productName = SnapKit;
		};
		6E4BD1432AA711F900E6E49C /* Alamofire */ = {
			isa = XCSwiftPackageProductDependency;
			package = 6E4BD1422AA711F900E6E49C /* XCRemoteSwiftPackageReference "Alamofire" */;
			productName = Alamofire;
		};
		6E4BD1462AA7120300E6E49C /* SwiftyJSON */ = {
			isa = XCSwiftPackageProductDependency;
			package = 6E4BD1452AA7120300E6E49C /* XCRemoteSwiftPackageReference "SwiftyJSON" */;
			productName = SwiftyJSON;
		};
/* End XCSwiftPackageProductDependency section */
	};
	rootObject = 6E4BD1102AA7103200E6E49C /* Project object */;
}
